
Microsoft Visual Studio Solution File, Format Version 12.00
# Visual Studio Version 17
VisualStudioVersion = 17.6.33801.468
MinimumVisualStudioVersion = 10.0.40219.1
Project("{FAE04EC0-301F-11D3-BF4B-00C04F79EFBC}") = "Sysmon-Watcher", "Sysmon-Watcher\Sysmon-Watcher.csproj", "{2ACB0843-9E9E-47B9-8C13-CFED1E6CDDAB}"
EndProject
Global
	GlobalSection(SolutionConfigurationPlatforms) = preSolution
		Debug|Any CPU = Debug|Any CPU
		Release|Any CPU = Release|Any CPU
	EndGlobalSection
	GlobalSection(ProjectConfigurationPlatforms) = postSolution
		{2ACB0843-9E9E-47B9-8C13-CFED1E6CDDAB}.Debug|Any CPU.ActiveCfg = Debug|Any CPU
		{2ACB0843-9E9E-47B9-8C13-CFED1E6CDDAB}.Debug|Any CPU.Build.0 = Debug|Any CPU
		{2ACB0843-9E9E-47B9-8C13-CFED1E6CDDAB}.Release|Any CPU.ActiveCfg = Release|Any CPU
		{2ACB0843-9E9E-47B9-8C13-CFED1E6CDDAB}.Release|Any CPU.Build.0 = Release|Any CPU
	EndGlobalSection
	GlobalSection(SolutionProperties) = preSolution
		HideSolutionNode = FALSE
	EndGlobalSection
	GlobalSection(ExtensibilityGlobals) = postSolution
		SolutionGuid = {191329BE-4D6B-4389-A719-7BFCF295B46A}
	EndGlobalSection
EndGlobal
